
Microsoft Visual Studio Solution File, Format Version 12.00
# Visual Studio Version 17
VisualStudioVersion = 17.4.33110.190
MinimumVisualStudioVersion = 10.0.40219.1
Project("{FAE04EC0-301F-11D3-BF4B-00C04F79EFBC}") = "SchoolSystem", "SchoolSystem\SchoolSystem.csproj", "{21F8F6FA-10EB-452A-918C-5C35924B562D}"
EndProject
Global
	GlobalSection(SolutionConfigurationPlatforms) = preSolution
		Debug|Any CPU = Debug|Any CPU
		Release|Any CPU = Release|Any CPU
	EndGlobalSection
	GlobalSection(ProjectConfigurationPlatforms) = postSolution
		{21F8F6FA-10EB-452A-918C-5C35924B562D}.Debug|Any CPU.ActiveCfg = Debug|Any CPU
		{21F8F6FA-10EB-452A-918C-5C35924B562D}.Debug|Any CPU.Build.0 = Debug|Any CPU
		{21F8F6FA-10EB-452A-918C-5C35924B562D}.Release|Any CPU.ActiveCfg = Release|Any CPU
		{21F8F6FA-10EB-452A-918C-5C35924B562D}.Release|Any CPU.Build.0 = Release|Any CPU
	EndGlobalSection
	GlobalSection(SolutionProperties) = preSolution
		HideSolutionNode = FALSE
	EndGlobalSection
	GlobalSection(ExtensibilityGlobals) = postSolution
		SolutionGuid = {29BDB4CA-B85A-41AA-88D5-6B4A36903479}
	EndGlobalSection
EndGlobal
